
Microsoft Visual Studio Solution File, Format Version 12.00
# Visual Studio Version 16
VisualStudioVersion = 16.0.30223.230
MinimumVisualStudioVersion = 10.0.40219.1
Project("{FAE04EC0-301F-11D3-BF4B-00C04F79EFBC}") = "LibraryUserInterface", "LibraryUserInterface\LibraryUserInterface.csproj", "{ADB33489-42D9-4A0A-ADEE-1E0CBEFCE721}"
EndProject
Project("{FAE04EC0-301F-11D3-BF4B-00C04F79EFBC}") = "LibraryApi", "LibraryApi\LibraryApi.csproj", "{84CDD88F-E9CF-4AF0-92D1-16DC8CAF5CF3}"
EndProject
Global
	GlobalSection(SolutionConfigurationPlatforms) = preSolution
		Debug|Any CPU = Debug|Any CPU
		Release|Any CPU = Release|Any CPU
	EndGlobalSection
	GlobalSection(ProjectConfigurationPlatforms) = postSolution
		{ADB33489-42D9-4A0A-ADEE-1E0CBEFCE721}.Debug|Any CPU.ActiveCfg = Debug|Any CPU
		{ADB33489-42D9-4A0A-ADEE-1E0CBEFCE721}.Debug|Any CPU.Build.0 = Debug|Any CPU
		{ADB33489-42D9-4A0A-ADEE-1E0CBEFCE721}.Release|Any CPU.ActiveCfg = Release|Any CPU
		{ADB33489-42D9-4A0A-ADEE-1E0CBEFCE721}.Release|Any CPU.Build.0 = Release|Any CPU
		{84CDD88F-E9CF-4AF0-92D1-16DC8CAF5CF3}.Debug|Any CPU.ActiveCfg = Debug|Any CPU
		{84CDD88F-E9CF-4AF0-92D1-16DC8CAF5CF3}.Debug|Any CPU.Build.0 = Debug|Any CPU
		{84CDD88F-E9CF-4AF0-92D1-16DC8CAF5CF3}.Release|Any CPU.ActiveCfg = Release|Any CPU
		{84CDD88F-E9CF-4AF0-92D1-16DC8CAF5CF3}.Release|Any CPU.Build.0 = Release|Any CPU
	EndGlobalSection
	GlobalSection(SolutionProperties) = preSolution
		HideSolutionNode = FALSE
	EndGlobalSection
	GlobalSection(ExtensibilityGlobals) = postSolution
		SolutionGuid = {7DBCA2C9-A4DF-4EFA-8833-D415000EDB9A}
	EndGlobalSection
EndGlobal
